
Microsoft Visual Studio Solution File, Format Version 12.00
# Visual Studio Version 17
VisualStudioVersion = 17.0.32014.148
MinimumVisualStudioVersion = 10.0.40219.1
Project("{FAE04EC0-301F-11D3-BF4B-00C04F79EFBC}") = "001_ConsoleApp", "001_ConsoleApp\001_ConsoleApp.csproj", "{931F6DC7-20A0-4D75-BACE-84CFE88D0FF7}"
EndProject
Project("{9A19103F-16F7-4668-BE54-9A1E7A4F7556}") = "002_ConsoleAppNetCore", "002_ConsoleAppNetCore\002_ConsoleAppNetCore.csproj", "{104BBC21-6DC6-4983-B385-27E1C8858521}"
EndProject
Project("{9A19103F-16F7-4668-BE54-9A1E7A4F7556}") = "003_ConsoleReadQuotes", "003_ConsoleReadQuotes\003_ConsoleReadQuotes.csproj", "{137C5CFC-ABE9-46FE-8A91-E8B750E34BAE}"
EndProject
Project("{9A19103F-16F7-4668-BE54-9A1E7A4F7556}") = "004_SimpleRESTClient", "004_SimpleRESTClient\004_SimpleRESTClient.csproj", "{8C3FCDEA-C424-4AB4-B678-30A994A1E676}"
EndProject
Project("{9A19103F-16F7-4668-BE54-9A1E7A4F7556}") = "005_ConsoleLinq", "005_ConsoleLinq\005_ConsoleLinq.csproj", "{CC8182E4-683C-438C-AA17-B231AAB00CA0}"
EndProject
Project("{9A19103F-16F7-4668-BE54-9A1E7A4F7556}") = "006_Reflection", "006_Reflection\006_Reflection.csproj", "{6F0FFDD3-EBFD-469C-97DE-BDF25618C1FD}"
EndProject
Project("{9A19103F-16F7-4668-BE54-9A1E7A4F7556}") = "007_Validation", "007_Validation\007_Validation.csproj", "{C543E931-19CD-4042-BF27-344CF64C6A50}"
EndProject
Project("{9A19103F-16F7-4668-BE54-9A1E7A4F7556}") = "StandardSharedCode", "StandardSharedCode\StandardSharedCode.csproj", "{F0A472B6-6E82-40D6-90D1-699B525ACB57}"
EndProject
Project("{9A19103F-16F7-4668-BE54-9A1E7A4F7556}") = "008_EncryptHash", "008_EncryptHash\008_EncryptHash.csproj", "{CD850964-7587-48B4-A126-FB76EC50FFB7}"
EndProject
Project("{9A19103F-16F7-4668-BE54-9A1E7A4F7556}") = "009_Bitmask", "009_Bitmask\009_Bitmask.csproj", "{F1766A22-EAE2-41E2-922F-89E1E69B213E}"
EndProject
Project("{9A19103F-16F7-4668-BE54-9A1E7A4F7556}") = "010_LocalFunctions", "010_LocalFunctions\010_LocalFunctions.csproj", "{3ED333A2-EBDB-4D63-9F5F-75571542D23E}"
EndProject
Project("{9A19103F-16F7-4668-BE54-9A1E7A4F7556}") = "011_Tuple", "011_Tuple\011_Tuple.csproj", "{401DA630-0E98-4BB0-B476-F0A37E509811}"
EndProject
Project("{9A19103F-16F7-4668-BE54-9A1E7A4F7556}") = "012_Task", "012_Task\012_Task.csproj", "{31A333E1-2E5A-466F-B1CD-B6D5FD070C60}"
EndProject
Project("{FAE04EC0-301F-11D3-BF4B-00C04F79EFBC}") = "013_Task", "013_Task\013_Task.csproj", "{7687C403-6B96-4BDF-AE7F-2D87EAC521C5}"
EndProject
Project("{2150E333-8FDC-42A3-9474-1A3956D46DE8}") = "RepoPattern", "RepoPattern", "{214084D6-3E0B-4EE0-A14B-94379DB73265}"
EndProject
Project("{9A19103F-16F7-4668-BE54-9A1E7A4F7556}") = "RP.DataAccess", "RepoPattern\RP.DataAccess\RP.DataAccess.csproj", "{4CC8DB77-AAFC-4A7A-9033-65BE20DD39A6}"
EndProject
Project("{9A19103F-16F7-4668-BE54-9A1E7A4F7556}") = "RP.ConsoleClient", "RepoPattern\RP.ConsoleClient\RP.ConsoleClient.csproj", "{659C8B60-4C7D-49DC-A09B-33AD366D92CC}"
EndProject
Project("{2150E333-8FDC-42A3-9474-1A3956D46DE8}") = "gRPC", "gRPC", "{5B59FF87-1A82-40E6-B8BB-150DE101007F}"
EndProject
Project("{9A19103F-16F7-4668-BE54-9A1E7A4F7556}") = "Grpc.Service", "gRPC\Grpc.Service\Grpc.Service.csproj", "{13A42F5C-5B49-4D16-ADCF-F917D7FB7C14}"
EndProject
Project("{9A19103F-16F7-4668-BE54-9A1E7A4F7556}") = "Grpc.Client", "gRPC\Grpc.Client\Grpc.Client.csproj", "{77FB10F4-D6F6-4492-9BC0-082BFAECC0F9}"
EndProject
Project("{FAE04EC0-301F-11D3-BF4B-00C04F79EFBC}") = "Grpc.OldClient", "gRPC\Grpc.OldClient\Grpc.OldClient.csproj", "{C1F567CB-4153-48CD-9B34-B3AF6F0E031B}"
EndProject
Project("{9A19103F-16F7-4668-BE54-9A1E7A4F7556}") = "014_CSharp9", "014_CSharp9\014_CSharp9.csproj", "{FD2B76A4-5145-4E24-958F-0E6550BA065C}"
EndProject
Project("{2150E333-8FDC-42A3-9474-1A3956D46DE8}") = "Blazor", "Blazor", "{00A5C071-A41E-44EE-8524-9EE6C942EC42}"
EndProject
Project("{9A19103F-16F7-4668-BE54-9A1E7A4F7556}") = "BlazorWasm", "Blazor\BlazorWasm\BlazorWasm.csproj", "{069DA71F-FCAD-41B7-BD3E-E81C09FAE0FF}"
EndProject
Global
	GlobalSection(SolutionConfigurationPlatforms) = preSolution
		Debug|Any CPU = Debug|Any CPU
		Release|Any CPU = Release|Any CPU
	EndGlobalSection
	GlobalSection(ProjectConfigurationPlatforms) = postSolution
		{931F6DC7-20A0-4D75-BACE-84CFE88D0FF7}.Debug|Any CPU.ActiveCfg = Debug|Any CPU
		{931F6DC7-20A0-4D75-BACE-84CFE88D0FF7}.Debug|Any CPU.Build.0 = Debug|Any CPU
		{931F6DC7-20A0-4D75-BACE-84CFE88D0FF7}.Release|Any CPU.ActiveCfg = Release|Any CPU
		{931F6DC7-20A0-4D75-BACE-84CFE88D0FF7}.Release|Any CPU.Build.0 = Release|Any CPU
		{104BBC21-6DC6-4983-B385-27E1C8858521}.Debug|Any CPU.ActiveCfg = Debug|Any CPU
		{104BBC21-6DC6-4983-B385-27E1C8858521}.Debug|Any CPU.Build.0 = Debug|Any CPU
		{104BBC21-6DC6-4983-B385-27E1C8858521}.Release|Any CPU.ActiveCfg = Release|Any CPU
		{104BBC21-6DC6-4983-B385-27E1C8858521}.Release|Any CPU.Build.0 = Release|Any CPU
		{137C5CFC-ABE9-46FE-8A91-E8B750E34BAE}.Debug|Any CPU.ActiveCfg = Debug|Any CPU
		{137C5CFC-ABE9-46FE-8A91-E8B750E34BAE}.Debug|Any CPU.Build.0 = Debug|Any CPU
		{137C5CFC-ABE9-46FE-8A91-E8B750E34BAE}.Release|Any CPU.ActiveCfg = Release|Any CPU
		{137C5CFC-ABE9-46FE-8A91-E8B750E34BAE}.Release|Any CPU.Build.0 = Release|Any CPU
		{8C3FCDEA-C424-4AB4-B678-30A994A1E676}.Debug|Any CPU.ActiveCfg = Debug|Any CPU
		{8C3FCDEA-C424-4AB4-B678-30A994A1E676}.Debug|Any CPU.Build.0 = Debug|Any CPU
		{8C3FCDEA-C424-4AB4-B678-30A994A1E676}.Release|Any CPU.ActiveCfg = Release|Any CPU
		{8C3FCDEA-C424-4AB4-B678-30A994A1E676}.Release|Any CPU.Build.0 = Release|Any CPU
		{CC8182E4-683C-438C-AA17-B231AAB00CA0}.Debug|Any CPU.ActiveCfg = Debug|Any CPU
		{CC8182E4-683C-438C-AA17-B231AAB00CA0}.Debug|Any CPU.Build.0 = Debug|Any CPU
		{CC8182E4-683C-438C-AA17-B231AAB00CA0}.Release|Any CPU.ActiveCfg = Release|Any CPU
		{CC8182E4-683C-438C-AA17-B231AAB00CA0}.Release|Any CPU.Build.0 = Release|Any CPU
		{6F0FFDD3-EBFD-469C-97DE-BDF25618C1FD}.Debug|Any CPU.ActiveCfg = Debug|Any CPU
		{6F0FFDD3-EBFD-469C-97DE-BDF25618C1FD}.Debug|Any CPU.Build.0 = Debug|Any CPU
		{6F0FFDD3-EBFD-469C-97DE-BDF25618C1FD}.Release|Any CPU.ActiveCfg = Release|Any CPU
		{6F0FFDD3-EBFD-469C-97DE-BDF25618C1FD}.Release|Any CPU.Build.0 = Release|Any CPU
		{C543E931-19CD-4042-BF27-344CF64C6A50}.Debug|Any CPU.ActiveCfg = Debug|Any CPU
		{C543E931-19CD-4042-BF27-344CF64C6A50}.Debug|Any CPU.Build.0 = Debug|Any CPU
		{C543E931-19CD-4042-BF27-344CF64C6A50}.Release|Any CPU.ActiveCfg = Release|Any CPU
		{C543E931-19CD-4042-BF27-344CF64C6A50}.Release|Any CPU.Build.0 = Release|Any CPU
		{F0A472B6-6E82-40D6-90D1-699B525ACB57}.Debug|Any CPU.ActiveCfg = Debug|Any CPU
		{F0A472B6-6E82-40D6-90D1-699B525ACB57}.Debug|Any CPU.Build.0 = Debug|Any CPU
		{F0A472B6-6E82-40D6-90D1-699B525ACB57}.Release|Any CPU.ActiveCfg = Release|Any CPU
		{F0A472B6-6E82-40D6-90D1-699B525ACB57}.Release|Any CPU.Build.0 = Release|Any CPU
		{CD850964-7587-48B4-A126-FB76EC50FFB7}.Debug|Any CPU.ActiveCfg = Debug|Any CPU
		{CD850964-7587-48B4-A126-FB76EC50FFB7}.Debug|Any CPU.Build.0 = Debug|Any CPU
		{CD850964-7587-48B4-A126-FB76EC50FFB7}.Release|Any CPU.ActiveCfg = Release|Any CPU
		{CD850964-7587-48B4-A126-FB76EC50FFB7}.Release|Any CPU.Build.0 = Release|Any CPU
		{F1766A22-EAE2-41E2-922F-89E1E69B213E}.Debug|Any CPU.ActiveCfg = Debug|Any CPU
		{F1766A22-EAE2-41E2-922F-89E1E69B213E}.Debug|Any CPU.Build.0 = Debug|Any CPU
		{F1766A22-EAE2-41E2-922F-89E1E69B213E}.Release|Any CPU.ActiveCfg = Release|Any CPU
		{F1766A22-EAE2-41E2-922F-89E1E69B213E}.Release|Any CPU.Build.0 = Release|Any CPU
		{3ED333A2-EBDB-4D63-9F5F-75571542D23E}.Debug|Any CPU.ActiveCfg = Debug|Any CPU
		{3ED333A2-EBDB-4D63-9F5F-75571542D23E}.Debug|Any CPU.Build.0 = Debug|Any CPU
		{3ED333A2-EBDB-4D63-9F5F-75571542D23E}.Release|Any CPU.ActiveCfg = Release|Any CPU
		{3ED333A2-EBDB-4D63-9F5F-75571542D23E}.Release|Any CPU.Build.0 = Release|Any CPU
		{401DA630-0E98-4BB0-B476-F0A37E509811}.Debug|Any CPU.ActiveCfg = Debug|Any CPU
		{401DA630-0E98-4BB0-B476-F0A37E509811}.Debug|Any CPU.Build.0 = Debug|Any CPU
		{401DA630-0E98-4BB0-B476-F0A37E509811}.Release|Any CPU.ActiveCfg = Release|Any CPU
		{401DA630-0E98-4BB0-B476-F0A37E509811}.Release|Any CPU.Build.0 = Release|Any CPU
		{31A333E1-2E5A-466F-B1CD-B6D5FD070C60}.Debug|Any CPU.ActiveCfg = Debug|Any CPU
		{31A333E1-2E5A-466F-B1CD-B6D5FD070C60}.Debug|Any CPU.Build.0 = Debug|Any CPU
		{31A333E1-2E5A-466F-B1CD-B6D5FD070C60}.Release|Any CPU.ActiveCfg = Release|Any CPU
		{31A333E1-2E5A-466F-B1CD-B6D5FD070C60}.Release|Any CPU.Build.0 = Release|Any CPU
		{7687C403-6B96-4BDF-AE7F-2D87EAC521C5}.Debug|Any CPU.ActiveCfg = Debug|Any CPU
		{7687C403-6B96-4BDF-AE7F-2D87EAC521C5}.Debug|Any CPU.Build.0 = Debug|Any CPU
		{7687C403-6B96-4BDF-AE7F-2D87EAC521C5}.Release|Any CPU.ActiveCfg = Release|Any CPU
		{7687C403-6B96-4BDF-AE7F-2D87EAC521C5}.Release|Any CPU.Build.0 = Release|Any CPU
		{4CC8DB77-AAFC-4A7A-9033-65BE20DD39A6}.Debug|Any CPU.ActiveCfg = Debug|Any CPU
		{4CC8DB77-AAFC-4A7A-9033-65BE20DD39A6}.Debug|Any CPU.Build.0 = Debug|Any CPU
		{4CC8DB77-AAFC-4A7A-9033-65BE20DD39A6}.Release|Any CPU.ActiveCfg = Release|Any CPU
		{4CC8DB77-AAFC-4A7A-9033-65BE20DD39A6}.Release|Any CPU.Build.0 = Release|Any CPU
		{659C8B60-4C7D-49DC-A09B-33AD366D92CC}.Debug|Any CPU.ActiveCfg = Debug|Any CPU
		{659C8B60-4C7D-49DC-A09B-33AD366D92CC}.Debug|Any CPU.Build.0 = Debug|Any CPU
		{659C8B60-4C7D-49DC-A09B-33AD366D92CC}.Release|Any CPU.ActiveCfg = Release|Any CPU
		{659C8B60-4C7D-49DC-A09B-33AD366D92CC}.Release|Any CPU.Build.0 = Release|Any CPU
		{13A42F5C-5B49-4D16-ADCF-F917D7FB7C14}.Debug|Any CPU.ActiveCfg = Debug|Any CPU
		{13A42F5C-5B49-4D16-ADCF-F917D7FB7C14}.Debug|Any CPU.Build.0 = Debug|Any CPU
		{13A42F5C-5B49-4D16-ADCF-F917D7FB7C14}.Release|Any CPU.ActiveCfg = Release|Any CPU
		{13A42F5C-5B49-4D16-ADCF-F917D7FB7C14}.Release|Any CPU.Build.0 = Release|Any CPU
		{77FB10F4-D6F6-4492-9BC0-082BFAECC0F9}.Debug|Any CPU.ActiveCfg = Debug|Any CPU
		{77FB10F4-D6F6-4492-9BC0-082BFAECC0F9}.Debug|Any CPU.Build.0 = Debug|Any CPU
		{77FB10F4-D6F6-4492-9BC0-082BFAECC0F9}.Release|Any CPU.ActiveCfg = Release|Any CPU
		{77FB10F4-D6F6-4492-9BC0-082BFAECC0F9}.Release|Any CPU.Build.0 = Release|Any CPU
		{C1F567CB-4153-48CD-9B34-B3AF6F0E031B}.Debug|Any CPU.ActiveCfg = Debug|Any CPU
		{C1F567CB-4153-48CD-9B34-B3AF6F0E031B}.Debug|Any CPU.Build.0 = Debug|Any CPU
		{C1F567CB-4153-48CD-9B34-B3AF6F0E031B}.Release|Any CPU.ActiveCfg = Release|Any CPU
		{C1F567CB-4153-48CD-9B34-B3AF6F0E031B}.Release|Any CPU.Build.0 = Release|Any CPU
		{FD2B76A4-5145-4E24-958F-0E6550BA065C}.Debug|Any CPU.ActiveCfg = Debug|Any CPU
		{FD2B76A4-5145-4E24-958F-0E6550BA065C}.Debug|Any CPU.Build.0 = Debug|Any CPU
		{FD2B76A4-5145-4E24-958F-0E6550BA065C}.Release|Any CPU.ActiveCfg = Release|Any CPU
		{FD2B76A4-5145-4E24-958F-0E6550BA065C}.Release|Any CPU.Build.0 = Release|Any CPU
		{069DA71F-FCAD-41B7-BD3E-E81C09FAE0FF}.Debug|Any CPU.ActiveCfg = Debug|Any CPU
		{069DA71F-FCAD-41B7-BD3E-E81C09FAE0FF}.Debug|Any CPU.Build.0 = Debug|Any CPU
		{069DA71F-FCAD-41B7-BD3E-E81C09FAE0FF}.Release|Any CPU.ActiveCfg = Release|Any CPU
		{069DA71F-FCAD-41B7-BD3E-E81C09FAE0FF}.Release|Any CPU.Build.0 = Release|Any CPU
	EndGlobalSection
	GlobalSection(SolutionProperties) = preSolution
		HideSolutionNode = FALSE
	EndGlobalSection
	GlobalSection(NestedProjects) = preSolution
		{4CC8DB77-AAFC-4A7A-9033-65BE20DD39A6} = {214084D6-3E0B-4EE0-A14B-94379DB73265}
		{659C8B60-4C7D-49DC-A09B-33AD366D92CC} = {214084D6-3E0B-4EE0-A14B-94379DB73265}
		{13A42F5C-5B49-4D16-ADCF-F917D7FB7C14} = {5B59FF87-1A82-40E6-B8BB-150DE101007F}
		{77FB10F4-D6F6-4492-9BC0-082BFAECC0F9} = {5B59FF87-1A82-40E6-B8BB-150DE101007F}
		{C1F567CB-4153-48CD-9B34-B3AF6F0E031B} = {5B59FF87-1A82-40E6-B8BB-150DE101007F}
		{069DA71F-FCAD-41B7-BD3E-E81C09FAE0FF} = {00A5C071-A41E-44EE-8524-9EE6C942EC42}
	EndGlobalSection
	GlobalSection(ExtensibilityGlobals) = postSolution
		SolutionGuid = {16A8E905-BAAF-4B09-AB14-E471403F14F8}
	EndGlobalSection
EndGlobal
