
Microsoft Visual Studio Solution File, Format Version 12.00
# Visual Studio 15
VisualStudioVersion = 15.0.27703.2035
MinimumVisualStudioVersion = 10.0.40219.1
Project("{FAE04EC0-301F-11D3-BF4B-00C04F79EFBC}") = "001_ConsoleApp", "001_ConsoleApp\001_ConsoleApp.csproj", "{931F6DC7-20A0-4D75-BACE-84CFE88D0FF7}"
EndProject
Project("{9A19103F-16F7-4668-BE54-9A1E7A4F7556}") = "002_ConsoleAppNetCore", "002_ConsoleAppNetCore\002_ConsoleAppNetCore.csproj", "{104BBC21-6DC6-4983-B385-27E1C8858521}"
EndProject
Project("{9A19103F-16F7-4668-BE54-9A1E7A4F7556}") = "003_ConsoleReadQuotes", "003_ConsoleReadQuotes\003_ConsoleReadQuotes.csproj", "{137C5CFC-ABE9-46FE-8A91-E8B750E34BAE}"
EndProject
Project("{FAE04EC0-301F-11D3-BF4B-00C04F79EFBC}") = "004_SimpleRESTClient", "004_SimpleRESTClient\004_SimpleRESTClient.csproj", "{8C3FCDEA-C424-4AB4-B678-30A994A1E676}"
EndProject
Project("{FAE04EC0-301F-11D3-BF4B-00C04F79EFBC}") = "005_ConsoleLinq", "005_ConsoleLinq\005_ConsoleLinq.csproj", "{CC8182E4-683C-438C-AA17-B231AAB00CA0}"
EndProject
Global
	GlobalSection(SolutionConfigurationPlatforms) = preSolution
		Debug|Any CPU = Debug|Any CPU
		Release|Any CPU = Release|Any CPU
	EndGlobalSection
	GlobalSection(ProjectConfigurationPlatforms) = postSolution
		{931F6DC7-20A0-4D75-BACE-84CFE88D0FF7}.Debug|Any CPU.ActiveCfg = Debug|Any CPU
		{931F6DC7-20A0-4D75-BACE-84CFE88D0FF7}.Debug|Any CPU.Build.0 = Debug|Any CPU
		{931F6DC7-20A0-4D75-BACE-84CFE88D0FF7}.Release|Any CPU.ActiveCfg = Release|Any CPU
		{931F6DC7-20A0-4D75-BACE-84CFE88D0FF7}.Release|Any CPU.Build.0 = Release|Any CPU
		{104BBC21-6DC6-4983-B385-27E1C8858521}.Debug|Any CPU.ActiveCfg = Debug|Any CPU
		{104BBC21-6DC6-4983-B385-27E1C8858521}.Debug|Any CPU.Build.0 = Debug|Any CPU
		{104BBC21-6DC6-4983-B385-27E1C8858521}.Release|Any CPU.ActiveCfg = Release|Any CPU
		{104BBC21-6DC6-4983-B385-27E1C8858521}.Release|Any CPU.Build.0 = Release|Any CPU
		{137C5CFC-ABE9-46FE-8A91-E8B750E34BAE}.Debug|Any CPU.ActiveCfg = Debug|Any CPU
		{137C5CFC-ABE9-46FE-8A91-E8B750E34BAE}.Debug|Any CPU.Build.0 = Debug|Any CPU
		{137C5CFC-ABE9-46FE-8A91-E8B750E34BAE}.Release|Any CPU.ActiveCfg = Release|Any CPU
		{137C5CFC-ABE9-46FE-8A91-E8B750E34BAE}.Release|Any CPU.Build.0 = Release|Any CPU
		{8C3FCDEA-C424-4AB4-B678-30A994A1E676}.Debug|Any CPU.ActiveCfg = Debug|Any CPU
		{8C3FCDEA-C424-4AB4-B678-30A994A1E676}.Debug|Any CPU.Build.0 = Debug|Any CPU
		{8C3FCDEA-C424-4AB4-B678-30A994A1E676}.Release|Any CPU.ActiveCfg = Release|Any CPU
		{8C3FCDEA-C424-4AB4-B678-30A994A1E676}.Release|Any CPU.Build.0 = Release|Any CPU
		{CC8182E4-683C-438C-AA17-B231AAB00CA0}.Debug|Any CPU.ActiveCfg = Debug|Any CPU
		{CC8182E4-683C-438C-AA17-B231AAB00CA0}.Debug|Any CPU.Build.0 = Debug|Any CPU
		{CC8182E4-683C-438C-AA17-B231AAB00CA0}.Release|Any CPU.ActiveCfg = Release|Any CPU
		{CC8182E4-683C-438C-AA17-B231AAB00CA0}.Release|Any CPU.Build.0 = Release|Any CPU
	EndGlobalSection
	GlobalSection(SolutionProperties) = preSolution
		HideSolutionNode = FALSE
	EndGlobalSection
	GlobalSection(ExtensibilityGlobals) = postSolution
		SolutionGuid = {16A8E905-BAAF-4B09-AB14-E471403F14F8}
	EndGlobalSection
EndGlobal
